
Microsoft Visual Studio Solution File, Format Version 12.00
# Visual Studio Version 16
VisualStudioVersion = 25.0.1706.3
MinimumVisualStudioVersion = 10.0.40219.1
Project("{FAE04EC0-301F-11D3-BF4B-00C04F79EFBC}") = "TowersOfHanoi", "TowersOfHanoi\TowersOfHanoi.csproj", "{135658E9-E8D4-47CF-A8DC-FF6139567DC3}"
EndProject
Global
	GlobalSection(SolutionConfigurationPlatforms) = preSolution
		Debug|Any CPU = Debug|Any CPU
		Release|Any CPU = Release|Any CPU
	EndGlobalSection
	GlobalSection(ProjectConfigurationPlatforms) = postSolution
		{135658E9-E8D4-47CF-A8DC-FF6139567DC3}.Debug|Any CPU.ActiveCfg = Debug|Any CPU
		{135658E9-E8D4-47CF-A8DC-FF6139567DC3}.Debug|Any CPU.Build.0 = Debug|Any CPU
		{135658E9-E8D4-47CF-A8DC-FF6139567DC3}.Release|Any CPU.ActiveCfg = Release|Any CPU
		{135658E9-E8D4-47CF-A8DC-FF6139567DC3}.Release|Any CPU.Build.0 = Release|Any CPU
	EndGlobalSection
	GlobalSection(SolutionProperties) = preSolution
		HideSolutionNode = FALSE
	EndGlobalSection
	GlobalSection(ExtensibilityGlobals) = postSolution
		SolutionGuid = {8C11A15E-F65D-4AA1-B80A-DEA3C1A4B798}
	EndGlobalSection
EndGlobal
